
Microsoft Visual Studio Solution File, Format Version 12.00
# Visual Studio 2012
Project("{FAE04EC0-301F-11D3-BF4B-00C04F79EFBC}") = "iOS_tutorial", "iOS_tutorial\iOS_tutorial.csproj", "{1E17573D-E755-4939-8C7B-EA6329C8259D}"
EndProject
Global
	GlobalSection(SolutionConfigurationPlatforms) = preSolution
		Debug|iPhoneSimulator = Debug|iPhoneSimulator
		Release|iPhone = Release|iPhone
		Release|iPhoneSimulator = Release|iPhoneSimulator
		Debug|iPhone = Debug|iPhone
	EndGlobalSection
	GlobalSection(ProjectConfigurationPlatforms) = postSolution
		{1E17573D-E755-4939-8C7B-EA6329C8259D}.Debug|iPhoneSimulator.ActiveCfg = Debug|iPhoneSimulator
		{1E17573D-E755-4939-8C7B-EA6329C8259D}.Debug|iPhoneSimulator.Build.0 = Debug|iPhoneSimulator
		{1E17573D-E755-4939-8C7B-EA6329C8259D}.Release|iPhone.ActiveCfg = Release|iPhone
		{1E17573D-E755-4939-8C7B-EA6329C8259D}.Release|iPhone.Build.0 = Release|iPhone
		{1E17573D-E755-4939-8C7B-EA6329C8259D}.Release|iPhoneSimulator.ActiveCfg = Release|iPhoneSimulator
		{1E17573D-E755-4939-8C7B-EA6329C8259D}.Release|iPhoneSimulator.Build.0 = Release|iPhoneSimulator
		{1E17573D-E755-4939-8C7B-EA6329C8259D}.Debug|iPhone.ActiveCfg = Debug|iPhone
		{1E17573D-E755-4939-8C7B-EA6329C8259D}.Debug|iPhone.Build.0 = Debug|iPhone
	EndGlobalSection
EndGlobal
